
Microsoft Visual Studio Solution File, Format Version 12.00
# Visual Studio Version 17
VisualStudioVersion = 17.8.34408.163
MinimumVisualStudioVersion = 10.0.40219.1
Project("{FAE04EC0-301F-11D3-BF4B-00C04F79EFBC}") = "Check.RFC", "Check.RFC.csproj", "{FA4DAF53-B186-4F6B-81E8-B7363AAA45F6}"
EndProject
Project("{FAE04EC0-301F-11D3-BF4B-00C04F79EFBC}") = "LKM.SAP.Conn", "LKM.SAP.Conn\LKM.SAP.Conn.csproj", "{9527639A-55ED-444E-B28D-96221BF70BC7}"
EndProject
Project("{FAE04EC0-301F-11D3-BF4B-00C04F79EFBC}") = "LKM.LIB.Config", "LKM.LIB.Config\LKM.LIB.Config.csproj", "{8B2F8D42-B651-4906-BF45-70810997AC1C}"
EndProject
Global
	GlobalSection(SolutionConfigurationPlatforms) = preSolution
		Debug|Any CPU = Debug|Any CPU
		Debug|x64 = Debug|x64
		Debug|x86 = Debug|x86
		Release|Any CPU = Release|Any CPU
		Release|x64 = Release|x64
		Release|x86 = Release|x86
	EndGlobalSection
	GlobalSection(ProjectConfigurationPlatforms) = postSolution
		{FA4DAF53-B186-4F6B-81E8-B7363AAA45F6}.Debug|Any CPU.ActiveCfg = Debug|Any CPU
		{FA4DAF53-B186-4F6B-81E8-B7363AAA45F6}.Debug|Any CPU.Build.0 = Debug|Any CPU
		{FA4DAF53-B186-4F6B-81E8-B7363AAA45F6}.Debug|x64.ActiveCfg = Debug|Any CPU
		{FA4DAF53-B186-4F6B-81E8-B7363AAA45F6}.Debug|x64.Build.0 = Debug|Any CPU
		{FA4DAF53-B186-4F6B-81E8-B7363AAA45F6}.Debug|x86.ActiveCfg = Debug|Any CPU
		{FA4DAF53-B186-4F6B-81E8-B7363AAA45F6}.Debug|x86.Build.0 = Debug|Any CPU
		{FA4DAF53-B186-4F6B-81E8-B7363AAA45F6}.Release|Any CPU.ActiveCfg = Release|Any CPU
		{FA4DAF53-B186-4F6B-81E8-B7363AAA45F6}.Release|Any CPU.Build.0 = Release|Any CPU
		{FA4DAF53-B186-4F6B-81E8-B7363AAA45F6}.Release|x64.ActiveCfg = Release|Any CPU
		{FA4DAF53-B186-4F6B-81E8-B7363AAA45F6}.Release|x64.Build.0 = Release|Any CPU
		{FA4DAF53-B186-4F6B-81E8-B7363AAA45F6}.Release|x86.ActiveCfg = Release|Any CPU
		{FA4DAF53-B186-4F6B-81E8-B7363AAA45F6}.Release|x86.Build.0 = Release|Any CPU
		{9527639A-55ED-444E-B28D-96221BF70BC7}.Debug|Any CPU.ActiveCfg = Debug|Any CPU
		{9527639A-55ED-444E-B28D-96221BF70BC7}.Debug|Any CPU.Build.0 = Debug|Any CPU
		{9527639A-55ED-444E-B28D-96221BF70BC7}.Debug|x64.ActiveCfg = Debug|x64
		{9527639A-55ED-444E-B28D-96221BF70BC7}.Debug|x64.Build.0 = Debug|x64
		{9527639A-55ED-444E-B28D-96221BF70BC7}.Debug|x86.ActiveCfg = Debug|x86
		{9527639A-55ED-444E-B28D-96221BF70BC7}.Debug|x86.Build.0 = Debug|x86
		{9527639A-55ED-444E-B28D-96221BF70BC7}.Release|Any CPU.ActiveCfg = Release|Any CPU
		{9527639A-55ED-444E-B28D-96221BF70BC7}.Release|Any CPU.Build.0 = Release|Any CPU
		{9527639A-55ED-444E-B28D-96221BF70BC7}.Release|x64.ActiveCfg = Release|x64
		{9527639A-55ED-444E-B28D-96221BF70BC7}.Release|x64.Build.0 = Release|x64
		{9527639A-55ED-444E-B28D-96221BF70BC7}.Release|x86.ActiveCfg = Release|x86
		{9527639A-55ED-444E-B28D-96221BF70BC7}.Release|x86.Build.0 = Release|x86
		{8B2F8D42-B651-4906-BF45-70810997AC1C}.Debug|Any CPU.ActiveCfg = Debug|Any CPU
		{8B2F8D42-B651-4906-BF45-70810997AC1C}.Debug|Any CPU.Build.0 = Debug|Any CPU
		{8B2F8D42-B651-4906-BF45-70810997AC1C}.Debug|x64.ActiveCfg = Debug|Any CPU
		{8B2F8D42-B651-4906-BF45-70810997AC1C}.Debug|x64.Build.0 = Debug|Any CPU
		{8B2F8D42-B651-4906-BF45-70810997AC1C}.Debug|x86.ActiveCfg = Debug|x86
		{8B2F8D42-B651-4906-BF45-70810997AC1C}.Debug|x86.Build.0 = Debug|x86
		{8B2F8D42-B651-4906-BF45-70810997AC1C}.Release|Any CPU.ActiveCfg = Release|Any CPU
		{8B2F8D42-B651-4906-BF45-70810997AC1C}.Release|Any CPU.Build.0 = Release|Any CPU
		{8B2F8D42-B651-4906-BF45-70810997AC1C}.Release|x64.ActiveCfg = Release|Any CPU
		{8B2F8D42-B651-4906-BF45-70810997AC1C}.Release|x64.Build.0 = Release|Any CPU
		{8B2F8D42-B651-4906-BF45-70810997AC1C}.Release|x86.ActiveCfg = Release|x86
		{8B2F8D42-B651-4906-BF45-70810997AC1C}.Release|x86.Build.0 = Release|x86
	EndGlobalSection
	GlobalSection(SolutionProperties) = preSolution
		HideSolutionNode = FALSE
	EndGlobalSection
	GlobalSection(ExtensibilityGlobals) = postSolution
		SolutionGuid = {0AE302CD-7FED-4D4A-B7B8-4F4A157472C5}
	EndGlobalSection
EndGlobal
